
Microsoft Visual Studio Solution File, Format Version 12.00
# Visual Studio Version 17
VisualStudioVersion = 17.5.002.0
MinimumVisualStudioVersion = 10.0.40219.1
Project("{9A19103F-16F7-4668-BE54-9A1E7A4F7556}") = "back-end", "back-end\back-end.csproj", "{7C48EC15-6D77-40EB-A4AB-442E4A635883}"
EndProject
Global
	GlobalSection(SolutionConfigurationPlatforms) = preSolution
		Debug|Any CPU = Debug|Any CPU
		Release|Any CPU = Release|Any CPU
	EndGlobalSection
	GlobalSection(ProjectConfigurationPlatforms) = postSolution
		{7C48EC15-6D77-40EB-A4AB-442E4A635883}.Debug|Any CPU.ActiveCfg = Debug|Any CPU
		{7C48EC15-6D77-40EB-A4AB-442E4A635883}.Debug|Any CPU.Build.0 = Debug|Any CPU
		{7C48EC15-6D77-40EB-A4AB-442E4A635883}.Release|Any CPU.ActiveCfg = Release|Any CPU
		{7C48EC15-6D77-40EB-A4AB-442E4A635883}.Release|Any CPU.Build.0 = Release|Any CPU
	EndGlobalSection
	GlobalSection(SolutionProperties) = preSolution
		HideSolutionNode = FALSE
	EndGlobalSection
	GlobalSection(ExtensibilityGlobals) = postSolution
		SolutionGuid = {1A984105-0918-4802-8317-E7A17665F6FC}
	EndGlobalSection
EndGlobal
